
Microsoft Visual Studio Solution File, Format Version 12.00
# Visual Studio Version 17
VisualStudioVersion = 17.3.32819.101
MinimumVisualStudioVersion = 10.0.40219.1
Project("{FAE04EC0-301F-11D3-BF4B-00C04F79EFBC}") = "PiReceiver", "PiReceiver\PiReceiver.csproj", "{46AD6BFF-B0F9-45DC-BDDC-BDF90B427059}"
EndProject
Global
	GlobalSection(SolutionConfigurationPlatforms) = preSolution
		Debug|Any CPU = Debug|Any CPU
		Release|Any CPU = Release|Any CPU
	EndGlobalSection
	GlobalSection(ProjectConfigurationPlatforms) = postSolution
		{46AD6BFF-B0F9-45DC-BDDC-BDF90B427059}.Debug|Any CPU.ActiveCfg = Debug|Any CPU
		{46AD6BFF-B0F9-45DC-BDDC-BDF90B427059}.Debug|Any CPU.Build.0 = Debug|Any CPU
		{46AD6BFF-B0F9-45DC-BDDC-BDF90B427059}.Release|Any CPU.ActiveCfg = Release|Any CPU
		{46AD6BFF-B0F9-45DC-BDDC-BDF90B427059}.Release|Any CPU.Build.0 = Release|Any CPU
	EndGlobalSection
	GlobalSection(SolutionProperties) = preSolution
		HideSolutionNode = FALSE
	EndGlobalSection
	GlobalSection(ExtensibilityGlobals) = postSolution
		SolutionGuid = {668CA44F-DEB8-46AE-AF39-26C66240C583}
	EndGlobalSection
EndGlobal
